{
  "nodes": {
    "doxygen-awesome": {
      "flake": false,
      "locked": {
        "lastModified": 1685630484,
        "narHash": "sha256-WlLf0cHskFNC0M5CqFNfmEIzOzTocesqOqgawz4fpNY=",
        "owner": "jothepro",
        "repo": "doxygen-awesome-css",
        "rev": "df83fbf22cfff76b875c13d324baf584c74e96d0",
        "type": "github"
      },
      "original": {
        "owner": "jothepro",
        "ref": "v2.2.1",
        "repo": "doxygen-awesome-css",
        "type": "github"
      }
    },
    "flake-utils": {
      "inputs": {
        "systems": "systems"
      },
      "locked": {
        "lastModified": 1685518550,
        "narHash": "sha256-o2d0KcvaXzTrPRIo0kOLV0/QXHhDQ5DTi+OxcjO8xqY=",
        "owner": "numtide",
        "repo": "flake-utils",
        "rev": "a1720a10a6cfe8234c0e93907ffe81be440f4cef",
        "type": "github"
      },
      "original": {
        "owner": "numtide",
        "repo": "flake-utils",
        "type": "github"
      }
    },
    "ledger": {
      "inputs": {
        "nixpkgs": "nixpkgs"
      },
      "locked": {
        "lastModified": 1685972868,
        "narHash": "sha256-n+045yOwYAfZoSQE1IX1WYxoDjmWCaz4aAG6Smk4ngE=",
        "owner": "ledger",
        "repo": "ledger",
        "rev": "5e2afd286a332b93481750821be4785fbbd555a4",
        "type": "github"
      },
      "original": {
        "owner": "ledger",
        "ref": "master",
        "repo": "ledger",
        "type": "github"
      }
    },
    "ledger-mode": {
      "flake": false,
      "locked": {
        "lastModified": 1573256651,
        "narHash": "sha256-nhChbyrV0pllxJEpVY5cP7i25mp4318Vxzk007pnueQ=",
        "owner": "ledger",
        "repo": "ledger-mode",
        "rev": "964630f80e0e80dad83134a3660f56948390173a",
        "type": "github"
      },
      "original": {
        "owner": "ledger",
        "ref": "v4.0.0",
        "repo": "ledger-mode",
        "type": "github"
      }
    },
    "nixpkgs": {
      "locked": {
        "lastModified": 1675153841,
        "narHash": "sha256-EWvU3DLq+4dbJiukfhS7r6sWZyJikgXn6kNl7eHljW8=",
        "owner": "NixOS",
        "repo": "nixpkgs",
        "rev": "ea692c2ad1afd6384e171eabef4f0887d2b882d3",
        "type": "github"
      },
      "original": {
        "id": "nixpkgs",
        "type": "indirect"
      }
    },
    "nixpkgs_2": {
      "locked": {
        "lastModified": 1685938391,
        "narHash": "sha256-96Jw6TbWDLSopt5jqCW8w1Fc1cjQyZlhfBnJ3OZGpME=",
        "owner": "NixOS",
        "repo": "nixpkgs",
        "rev": "31cd1b4afbaf0b1e81272ee9c31d1ab606503aed",
        "type": "github"
      },
      "original": {
        "id": "nixpkgs",
        "ref": "nixpkgs-unstable",
        "type": "indirect"
      }
    },
    "root": {
      "inputs": {
        "doxygen-awesome": "doxygen-awesome",
        "flake-utils": "flake-utils",
        "ledger": "ledger",
        "ledger-mode": "ledger-mode",
        "nixpkgs": "nixpkgs_2"
      }
    },
    "systems": {
      "locked": {
        "lastModified": 1681028828,
        "narHash": "sha256-Vy1rq5AaRuLzOxct8nz4T6wlgyUR7zLU309k9mBC768=",
        "owner": "nix-systems",
        "repo": "default",
        "rev": "da67096a3b9bf56a91d16901293e51ba5b49a27e",
        "type": "github"
      },
      "original": {
        "owner": "nix-systems",
        "repo": "default",
        "type": "github"
      }
    }
  },
  "root": "root",
  "version": 7
}
