{
  "nodes": {
    "doxygen-awesome": {
      "flake": false,
      "locked": {
        "lastModified": 1727712120,
        "narHash": "sha256-g4Smy7BJ//4wQigAnx5fJQe5QxoLc6Aopm8O7S2lVkY=",
        "owner": "jothepro",
        "repo": "doxygen-awesome-css",
        "rev": "568f56cde6ac78b6dfcc14acd380b2e745c301ea",
        "type": "github"
      },
      "original": {
        "owner": "jothepro",
        "ref": "v2.3.4",
        "repo": "doxygen-awesome-css",
        "type": "github"
      }
    },
    "flake-utils": {
      "inputs": {
        "systems": "systems"
      },
      "locked": {
        "lastModified": 1726560853,
        "narHash": "sha256-X6rJYSESBVr3hBoH0WbKE5KvhPU5bloyZ2L4K60/fPQ=",
        "owner": "numtide",
        "repo": "flake-utils",
        "rev": "c1dfcf08411b08f6b8615f7d8971a2bfa81d5e8a",
        "type": "github"
      },
      "original": {
        "owner": "numtide",
        "repo": "flake-utils",
        "type": "github"
      }
    },
    "ledger": {
      "inputs": {
        "nixpkgs": "nixpkgs"
      },
      "locked": {
        "lastModified": 1727369002,
        "narHash": "sha256-LCd54xc0dfObxa9Lekr8jn/Rxc7zq0jnPLMkZP6CkjU=",
        "owner": "ledger",
        "repo": "ledger",
        "rev": "8c3640f15aa7d5838f488685a3c8dd431463d042",
        "type": "github"
      },
      "original": {
        "owner": "ledger",
        "ref": "master",
        "repo": "ledger",
        "type": "github"
      }
    },
    "ledger-mode": {
      "flake": false,
      "locked": {
        "lastModified": 1573256651,
        "narHash": "sha256-nhChbyrV0pllxJEpVY5cP7i25mp4318Vxzk007pnueQ=",
        "owner": "ledger",
        "repo": "ledger-mode",
        "rev": "964630f80e0e80dad83134a3660f56948390173a",
        "type": "github"
      },
      "original": {
        "owner": "ledger",
        "ref": "v4.0.0",
        "repo": "ledger-mode",
        "type": "github"
      }
    },
    "nixpkgs": {
      "locked": {
        "lastModified": 1701484532,
        "narHash": "sha256-zC6a3b7zw7+1DfQt1p+GZ/5Mk19mI1dxnjZHi+5hNiM=",
        "owner": "NixOS",
        "repo": "nixpkgs",
        "rev": "21ee79ad8cff9638ec0edaa6d2f1574dd237e1df",
        "type": "github"
      },
      "original": {
        "id": "nixpkgs",
        "type": "indirect"
      }
    },
    "nixpkgs_2": {
      "locked": {
        "lastModified": 0,
        "narHash": "sha256-Gz+ReeZ0oW43LVcIyINGC6bLJ/0kFC9PlBuOJUMcUXw=",
        "path": "/nix/store/00sc50wgryni12547mr0w6z74dqx1m5c-source",
        "type": "path"
      },
      "original": {
        "id": "nixpkgs",
        "type": "indirect"
      }
    },
    "root": {
      "inputs": {
        "doxygen-awesome": "doxygen-awesome",
        "flake-utils": "flake-utils",
        "ledger": "ledger",
        "ledger-mode": "ledger-mode",
        "nixpkgs": "nixpkgs_2"
      }
    },
    "systems": {
      "locked": {
        "lastModified": 1681028828,
        "narHash": "sha256-Vy1rq5AaRuLzOxct8nz4T6wlgyUR7zLU309k9mBC768=",
        "owner": "nix-systems",
        "repo": "default",
        "rev": "da67096a3b9bf56a91d16901293e51ba5b49a27e",
        "type": "github"
      },
      "original": {
        "owner": "nix-systems",
        "repo": "default",
        "type": "github"
      }
    }
  },
  "root": "root",
  "version": 7
}
