{
  "nodes": {
    "flake-utils": {
      "inputs": {
        "systems": "systems"
      },
      "locked": {
        "lastModified": 1731533236,
        "narHash": "sha256-l0KFg5HjrsfsO/JpG+r7fRrqm12kzFHyUHqHCVpMMbI=",
        "owner": "numtide",
        "repo": "flake-utils",
        "rev": "11707dc2f618dd54ca8739b309ec4fc024de578b",
        "type": "github"
      },
      "original": {
        "owner": "numtide",
        "repo": "flake-utils",
        "type": "github"
      }
    },
    "ledger": {
      "inputs": {
        "nixpkgs": "nixpkgs"
      },
      "locked": {
        "lastModified": 1761458104,
        "narHash": "sha256-yk6/4ImUzgZY8O7MmQMwFkuJ/pMXo6W5TAA0GGIxYgg=",
        "owner": "ledger",
        "repo": "ledger",
        "rev": "d422d3cdbf16e72d653908a3fda8ffda8dfadaf7",
        "type": "github"
      },
      "original": {
        "owner": "ledger",
        "ref": "v3.4.1",
        "repo": "ledger",
        "type": "github"
      }
    },
    "ledger-mode": {
      "flake": false,
      "locked": {
        "lastModified": 1573256651,
        "narHash": "sha256-nhChbyrV0pllxJEpVY5cP7i25mp4318Vxzk007pnueQ=",
        "owner": "ledger",
        "repo": "ledger-mode",
        "rev": "964630f80e0e80dad83134a3660f56948390173a",
        "type": "github"
      },
      "original": {
        "owner": "ledger",
        "ref": "v4.0.0",
        "repo": "ledger-mode",
        "type": "github"
      }
    },
    "nixpkgs": {
      "locked": {
        "lastModified": 1761236834,
        "narHash": "sha256-+pthv6hrL5VLW2UqPdISGuLiUZ6SnAXdd2DdUE+fV2Q=",
        "owner": "NixOS",
        "repo": "nixpkgs",
        "rev": "d5faa84122bc0a1fd5d378492efce4e289f8eac1",
        "type": "github"
      },
      "original": {
        "owner": "NixOS",
        "ref": "nixpkgs-unstable",
        "repo": "nixpkgs",
        "type": "github"
      }
    },
    "nixpkgs_2": {
      "locked": {
        "lastModified": 1763247000,
        "narHash": "sha256-NjOw18mSOcGdhmyR7ptvHip4IcwblV0uaoM1Oae6sz4=",
        "owner": "NixOS",
        "repo": "nixpkgs",
        "rev": "c6d5df0be59daab750a5fe04d5d027501a10e492",
        "type": "github"
      },
      "original": {
        "id": "nixpkgs",
        "ref": "master",
        "type": "indirect"
      }
    },
    "root": {
      "inputs": {
        "flake-utils": "flake-utils",
        "ledger": "ledger",
        "ledger-mode": "ledger-mode",
        "nixpkgs": "nixpkgs_2"
      }
    },
    "systems": {
      "locked": {
        "lastModified": 1681028828,
        "narHash": "sha256-Vy1rq5AaRuLzOxct8nz4T6wlgyUR7zLU309k9mBC768=",
        "owner": "nix-systems",
        "repo": "default",
        "rev": "da67096a3b9bf56a91d16901293e51ba5b49a27e",
        "type": "github"
      },
      "original": {
        "owner": "nix-systems",
        "repo": "default",
        "type": "github"
      }
    }
  },
  "root": "root",
  "version": 7
}
